
Microsoft Visual Studio Solution File, Format Version 12.00
# Visual Studio Version 17
VisualStudioVersion = 17.7.34221.43
MinimumVisualStudioVersion = 10.0.40219.1
Project("{FAE04EC0-301F-11D3-BF4B-00C04F79EFBC}") = "DockerTest", "DockerTest\DockerTest.csproj", "{3E6D9235-B265-4BC7-9ED7-75DA4DAEDAF7}"
EndProject
Global
	GlobalSection(SolutionConfigurationPlatforms) = preSolution
		Debug|Any CPU = Debug|Any CPU
		Release|Any CPU = Release|Any CPU
	EndGlobalSection
	GlobalSection(ProjectConfigurationPlatforms) = postSolution
		{3E6D9235-B265-4BC7-9ED7-75DA4DAEDAF7}.Debug|Any CPU.ActiveCfg = Debug|Any CPU
		{3E6D9235-B265-4BC7-9ED7-75DA4DAEDAF7}.Debug|Any CPU.Build.0 = Debug|Any CPU
		{3E6D9235-B265-4BC7-9ED7-75DA4DAEDAF7}.Release|Any CPU.ActiveCfg = Release|Any CPU
		{3E6D9235-B265-4BC7-9ED7-75DA4DAEDAF7}.Release|Any CPU.Build.0 = Release|Any CPU
	EndGlobalSection
	GlobalSection(SolutionProperties) = preSolution
		HideSolutionNode = FALSE
	EndGlobalSection
	GlobalSection(ExtensibilityGlobals) = postSolution
		SolutionGuid = {EE810F78-B886-4D5B-9945-FFC3BEF36E9A}
	EndGlobalSection
EndGlobal
