
Microsoft Visual Studio Solution File, Format Version 12.00
# Visual Studio Version 17
VisualStudioVersion = 17.0.31903.59
MinimumVisualStudioVersion = 10.0.40219.1
Project("{9A19103F-16F7-4668-BE54-9A1E7A4F7556}") = "TicketingSystem.FAQ", "Src\Services\Api\TicketingSystem.FAQ\TicketingSystem.FAQ.csproj", "{7F29CDFE-228D-492B-A194-1C9D8E2060DF}"
EndProject
Project("{9A19103F-16F7-4668-BE54-9A1E7A4F7556}") = "FAQ.Application", "Src\Services\Core\FQA.Application\FAQ.Application.csproj", "{04F9098C-F18A-4C20-8E7E-8B8137D298EF}"
EndProject
Project("{9A19103F-16F7-4668-BE54-9A1E7A4F7556}") = "FAQ.Domain", "Src\Services\Core\FQA.Domain\FAQ.Domain.csproj", "{2179B9DB-55C2-4DF6-952E-FDD94BCDB93E}"
EndProject
Project("{9A19103F-16F7-4668-BE54-9A1E7A4F7556}") = "FAQ.InfraStructure", "Src\Services\Core\FQA.InfraStructure\FAQ.InfraStructure.csproj", "{7F9440DC-B878-4459-8292-AC363D5F8D81}"
EndProject
Project("{9A19103F-16F7-4668-BE54-9A1E7A4F7556}") = "4EPlatform.PermissionsChecker", "Src\Services\Core\4EPlatform.PermissionsChecker\4EPlatform.PermissionsChecker.csproj", "{ECBFA380-0F66-4C84-B473-B19A0D40FF40}"
EndProject
Global
	GlobalSection(SolutionConfigurationPlatforms) = preSolution
		Debug|Any CPU = Debug|Any CPU
		Release|Any CPU = Release|Any CPU
	EndGlobalSection
	GlobalSection(ProjectConfigurationPlatforms) = postSolution
		{7F29CDFE-228D-492B-A194-1C9D8E2060DF}.Debug|Any CPU.ActiveCfg = Debug|Any CPU
		{7F29CDFE-228D-492B-A194-1C9D8E2060DF}.Debug|Any CPU.Build.0 = Debug|Any CPU
		{7F29CDFE-228D-492B-A194-1C9D8E2060DF}.Release|Any CPU.ActiveCfg = Release|Any CPU
		{7F29CDFE-228D-492B-A194-1C9D8E2060DF}.Release|Any CPU.Build.0 = Release|Any CPU
		{04F9098C-F18A-4C20-8E7E-8B8137D298EF}.Debug|Any CPU.ActiveCfg = Debug|Any CPU
		{04F9098C-F18A-4C20-8E7E-8B8137D298EF}.Debug|Any CPU.Build.0 = Debug|Any CPU
		{04F9098C-F18A-4C20-8E7E-8B8137D298EF}.Release|Any CPU.ActiveCfg = Release|Any CPU
		{04F9098C-F18A-4C20-8E7E-8B8137D298EF}.Release|Any CPU.Build.0 = Release|Any CPU
		{2179B9DB-55C2-4DF6-952E-FDD94BCDB93E}.Debug|Any CPU.ActiveCfg = Debug|Any CPU
		{2179B9DB-55C2-4DF6-952E-FDD94BCDB93E}.Debug|Any CPU.Build.0 = Debug|Any CPU
		{2179B9DB-55C2-4DF6-952E-FDD94BCDB93E}.Release|Any CPU.ActiveCfg = Release|Any CPU
		{2179B9DB-55C2-4DF6-952E-FDD94BCDB93E}.Release|Any CPU.Build.0 = Release|Any CPU
		{7F9440DC-B878-4459-8292-AC363D5F8D81}.Debug|Any CPU.ActiveCfg = Debug|Any CPU
		{7F9440DC-B878-4459-8292-AC363D5F8D81}.Debug|Any CPU.Build.0 = Debug|Any CPU
		{7F9440DC-B878-4459-8292-AC363D5F8D81}.Release|Any CPU.ActiveCfg = Release|Any CPU
		{7F9440DC-B878-4459-8292-AC363D5F8D81}.Release|Any CPU.Build.0 = Release|Any CPU
		{ECBFA380-0F66-4C84-B473-B19A0D40FF40}.Debug|Any CPU.ActiveCfg = Debug|Any CPU
		{ECBFA380-0F66-4C84-B473-B19A0D40FF40}.Debug|Any CPU.Build.0 = Debug|Any CPU
		{ECBFA380-0F66-4C84-B473-B19A0D40FF40}.Release|Any CPU.ActiveCfg = Release|Any CPU
		{ECBFA380-0F66-4C84-B473-B19A0D40FF40}.Release|Any CPU.Build.0 = Release|Any CPU
	EndGlobalSection
	GlobalSection(SolutionProperties) = preSolution
		HideSolutionNode = FALSE
	EndGlobalSection
	GlobalSection(ExtensibilityGlobals) = postSolution
		SolutionGuid = {55E05F74-DF3A-4599-82CA-2FB24794E889}
	EndGlobalSection
EndGlobal
